
Microsoft Visual Studio Solution File, Format Version 12.00
# Visual Studio 15
VisualStudioVersion = 15.0.28307.136
MinimumVisualStudioVersion = 10.0.40219.1
Project("{FAE04EC0-301F-11D3-BF4B-00C04F79EFBC}") = "Naive Bayes classifier", "Naive Bayes classifier\Naive Bayes classifier.csproj", "{70666709-3C0F-4D57-B0AF-9509F0AA85BA}"
EndProject
Global
	GlobalSection(SolutionConfigurationPlatforms) = preSolution
		Debug|Any CPU = Debug|Any CPU
		Release|Any CPU = Release|Any CPU
	EndGlobalSection
	GlobalSection(ProjectConfigurationPlatforms) = postSolution
		{70666709-3C0F-4D57-B0AF-9509F0AA85BA}.Debug|Any CPU.ActiveCfg = Debug|Any CPU
		{70666709-3C0F-4D57-B0AF-9509F0AA85BA}.Debug|Any CPU.Build.0 = Debug|Any CPU
		{70666709-3C0F-4D57-B0AF-9509F0AA85BA}.Release|Any CPU.ActiveCfg = Release|Any CPU
		{70666709-3C0F-4D57-B0AF-9509F0AA85BA}.Release|Any CPU.Build.0 = Release|Any CPU
	EndGlobalSection
	GlobalSection(SolutionProperties) = preSolution
		HideSolutionNode = FALSE
	EndGlobalSection
	GlobalSection(ExtensibilityGlobals) = postSolution
		SolutionGuid = {294852EE-BC72-4597-BE09-6A2667AAFA37}
	EndGlobalSection
EndGlobal
